
Microsoft Visual Studio Solution File, Format Version 12.00
Project("{FAE04EC0-301F-11D3-BF4B-00C04F79EFBC}") = "ColinChang.Hystrix", "ColinChang.Hystrix\ColinChang.Hystrix.csproj", "{7E8B2081-FC62-49F3-ADE0-416D52A9470F}"
EndProject
Project("{FAE04EC0-301F-11D3-BF4B-00C04F79EFBC}") = "ColinChang.Hystrix.ConsoleSample", "ColinChang.Hystrix.ConsoleSample\ColinChang.Hystrix.ConsoleSample.csproj", "{8D751086-F184-4DA6-8AE2-B163B17A47DA}"
EndProject
Project("{FAE04EC0-301F-11D3-BF4B-00C04F79EFBC}") = "ColinChang.Hystrix.WebSample", "ColinChang.Hystrix.WebSample\ColinChang.Hystrix.WebSample.csproj", "{930EEF13-8C53-422D-B18D-0F69853F25B4}"
EndProject
Project("{FAE04EC0-301F-11D3-BF4B-00C04F79EFBC}") = "ColinChang.Hystrix.Services", "ColinChang.Hystrix.Services\ColinChang.Hystrix.Services.csproj", "{30D45F3D-4631-4ECF-B9F8-E94EDA574D52}"
EndProject
Global
	GlobalSection(SolutionConfigurationPlatforms) = preSolution
		Debug|Any CPU = Debug|Any CPU
		Release|Any CPU = Release|Any CPU
	EndGlobalSection
	GlobalSection(ProjectConfigurationPlatforms) = postSolution
		{7E8B2081-FC62-49F3-ADE0-416D52A9470F}.Debug|Any CPU.ActiveCfg = Debug|Any CPU
		{7E8B2081-FC62-49F3-ADE0-416D52A9470F}.Debug|Any CPU.Build.0 = Debug|Any CPU
		{7E8B2081-FC62-49F3-ADE0-416D52A9470F}.Release|Any CPU.ActiveCfg = Release|Any CPU
		{7E8B2081-FC62-49F3-ADE0-416D52A9470F}.Release|Any CPU.Build.0 = Release|Any CPU
		{8D751086-F184-4DA6-8AE2-B163B17A47DA}.Debug|Any CPU.ActiveCfg = Debug|Any CPU
		{8D751086-F184-4DA6-8AE2-B163B17A47DA}.Debug|Any CPU.Build.0 = Debug|Any CPU
		{8D751086-F184-4DA6-8AE2-B163B17A47DA}.Release|Any CPU.ActiveCfg = Release|Any CPU
		{8D751086-F184-4DA6-8AE2-B163B17A47DA}.Release|Any CPU.Build.0 = Release|Any CPU
		{930EEF13-8C53-422D-B18D-0F69853F25B4}.Debug|Any CPU.ActiveCfg = Debug|Any CPU
		{930EEF13-8C53-422D-B18D-0F69853F25B4}.Debug|Any CPU.Build.0 = Debug|Any CPU
		{930EEF13-8C53-422D-B18D-0F69853F25B4}.Release|Any CPU.ActiveCfg = Release|Any CPU
		{930EEF13-8C53-422D-B18D-0F69853F25B4}.Release|Any CPU.Build.0 = Release|Any CPU
		{30D45F3D-4631-4ECF-B9F8-E94EDA574D52}.Debug|Any CPU.ActiveCfg = Debug|Any CPU
		{30D45F3D-4631-4ECF-B9F8-E94EDA574D52}.Debug|Any CPU.Build.0 = Debug|Any CPU
		{30D45F3D-4631-4ECF-B9F8-E94EDA574D52}.Release|Any CPU.ActiveCfg = Release|Any CPU
		{30D45F3D-4631-4ECF-B9F8-E94EDA574D52}.Release|Any CPU.Build.0 = Release|Any CPU
	EndGlobalSection
EndGlobal
